github.com/aperturerobotics/abseil-cpp v0.0.0-20260130220554-305ed0ea7006 h1:UvaY8ullxhGqCDQZl3Nj/mVjsKW6LHgyZcoZiTUQ1u4=
github.com/aperturerobotics/abseil-cpp v0.0.0-20260130220554-305ed0ea7006/go.mod h1:lNSJTKECIUFAnfeSqy01kXYTYe1BHubW7198jNX3nEw=
github.com/aperturerobotics/cli v1.1.0 h1:7a+YRC+EY3npAnTzhHV5gLCiw91KS0Ts3XwLILGOsT8=
github.com/aperturerobotics/cli v1.1.0/go.mod h1:M7BFP9wow5ytTzMyJQOOO991fGfsUqdTI7gGEsHfTQ8=
github.com/aperturerobotics/common v0.24.1-0.20260131042318-7a9391550675 h1:z3SGUVJb+pnzx9/KwjLddqQH71kmb9sOvE5lMLJl/cc=
github.com/aperturerobotics/common v0.24.1-0.20260131042318-7a9391550675/go.mod h1:7sVLm76Y37CtgEJ8c9CeWiTSXyDu9vzcGI2Lvj/X0fE=
github.com/aperturerobotics/go-protoc-wasi v0.0.0-20260131033208-273d2014699f h1:M3DbBt0eFFOJuZHHg94fCFc3W0F1i8LXVK50+H+m+uI=
github.com/aperturerobotics/go-protoc-wasi v0.0.0-20260131033208-273d2014699f/go.mod h1:E4S9LwG3FXBl95M/Mk85XTqT98Y6Z8+gPsvTzJcuVJQ=
github.com/aperturerobotics/json-iterator-lite v1.0.1-0.20240713111131-be6bf89c3008 h1:So9JeziaWKx2Fw8sK4AUN/szqKtJ0jEMhS6bU4sHbxs=
github.com/aperturerobotics/json-iterator-lite v1.0.1-0.20240713111131-be6bf89c3008/go.mod h1:snaApCEDtrHHP6UWSLKiYNOZU9A5NyzccKenx9oZEzg=
github.com/aperturerobotics/protobuf v0.0.0-20260131031545-7265127e58f9 h1:h3wG4zkJfWthzp5/kakLi2Oi9BH9BvHG2ZlaPO46xpw=
github.com/aperturerobotics/protobuf v0.0.0-20260131031545-7265127e58f9/go.mod h1:tMgO7y6SJo/d9ZcvrpNqIQtdYT9de+QmYaHOZ4KnhOg=
github.com/aperturerobotics/protobuf-go-lite v0.12.0 h1:ZPPokQtm/NPhgGv+vYD9AhInvkrzQal6MDnqcYLWvlg=
github.com/aperturerobotics/protobuf-go-lite v0.12.0/go.mod h1:lGH3s5ArCTXKI4wJdlNpaybUtwSjfAG0vdWjxOfMcF8=
github.com/davecgh/go-spew v1.1.0/go.mod h1:J7Y8YcW2NihsgmVo/mv3lAwl/skON4iLHjSsI+c5H38=
github.com/davecgh/go-spew v1.1.1 h1:vj9j/u1bqnvCEfJOwUhtlOARqs3+rkHYY13jYWTU97c=
github.com/davecgh/go-spew v1.1.1/go.mod h1:J7Y8YcW2NihsgmVo/mv3lAwl/skON4iLHjSsI+c5H38=
github.com/fsnotify/fsnotify v1.9.0 h1:2Ml+OJNzbYCTzsxtv8vKSFD9PbJjmhYF14k/jKC7S9k=
github.com/fsnotify/fsnotify v1.9.0/go.mod h1:8jBTzvmWwFyi3Pb8djgCCO5IBqzKJ/Jwo8TRcHyHii0=
github.com/google/go-cmp v0.7.0 h1:wk8382ETsv4JYUZwIsn6YpYiWiBsYLSJiTsyBybVuN8=
github.com/google/go-cmp v0.7.0/go.mod h1:pXiqmnSA92OHEEa9HXL2W4E7lf9JzCmGVUdgjX3N/iU=
github.com/pkg/errors v0.9.1 h1:FEBLx1zS214owpjy7qsBeixbURkuhQAwrK5UwLGTwt4=
github.com/pkg/errors v0.9.1/go.mod h1:bwawxfHBFNV+L2hUp1rHADufV3IMtnDRdf1r5NINEl0=
github.com/pmezard/go-difflib v1.0.0 h1:4DBwDE0NGyQoBHbLQYPwSUPoCMWR5BEzIk/f1lZbAQM=
github.com/pmezard/go-difflib v1.0.0/go.mod h1:iKH77koFhYxTK1pcRnkKkqfTogsbg7gZNVY4sRDYZ/4=
github.com/sirupsen/logrus v1.9.3 h1:dueUQJ1C2q9oE3F7wvmSGAaVtTmUizReu6fjN8uqzbQ=
github.com/sirupsen/logrus v1.9.3/go.mod h1:naHLuLoDiP4jHNo9R0sCBMtWGeIprob74mVsIT4qYEQ=
github.com/stretchr/objx v0.1.0/go.mod h1:HFkY916IF+rwdDfMAkV7OtwuqBVzrE8GR6GFx+wExME=
github.com/stretchr/testify v1.7.0/go.mod h1:6Fq8oRcR53rry900zMqJjRRixrwX3KX962/h/Wwjteg=
github.com/stretchr/testify v1.11.1 h1:7s2iGBzp5EwR7/aIZr8ao5+dra3wiQyKjjFuvgVKu7U=
github.com/stretchr/testify v1.11.1/go.mod h1:wZwfW3scLgRK+23gO65QZefKpKQRnfz6sD981Nm4B6U=
github.com/tetratelabs/wazero v1.8.2 h1:yIgLR/b2bN31bjxwXHD8a3d+BogigR952csSDdLYEv4=
github.com/tetratelabs/wazero v1.8.2/go.mod h1:yAI0XTsMBhREkM/YDAK/zNou3GoiAce1P6+rp/wQhjs=
github.com/xrash/smetrics v0.0.0-20250705151800-55b8f293f342 h1:FnBeRrxr7OU4VvAzt5X7s6266i6cSVkkFPS0TuXWbIg=
github.com/xrash/smetrics v0.0.0-20250705151800-55b8f293f342/go.mod h1:Ohn+xnUBiLI6FVj/9LpzZWtj1/D6lUovWYBkxHVV3aM=
golang.org/x/mod v0.22.0 h1:D4nJWe9zXqHOmWqj4VMOJhvzj7bEZg4wEYa759z1pH4=
golang.org/x/mod v0.22.0/go.mod h1:6SkKJ3Xj0I0BrPOZoBy3bdMptDDU9oJrpohJ3eWZ1fY=
golang.org/x/sys v0.0.0-20220715151400-c0bba94af5f8/go.mod h1:oPkhp1MJrh7nUepCBck5+mAzfO9JrbApNNgaTdGDITg=
golang.org/x/sys v0.34.0 h1:H5Y5sJ2L2JRdyv7ROF1he/lPdvFsd0mJHFw2ThKHxLA=
golang.org/x/sys v0.34.0/go.mod h1:BJP2sWEmIv4KK5OTEluFJCKSidICx8ciO85XgH3Ak8k=
gopkg.in/check.v1 v0.0.0-20161208181325-20d25e280405/go.mod h1:Co6ibVJAznAaIkqp8huTwlJQCZ016jof/cbN4VW5Yz0=
gopkg.in/yaml.v3 v3.0.0-20200313102051-9f266ea9e77c/go.mod h1:K4uyk7z7BCEPqu6E+C64Yfv1cQ7kz7rIZviUmN+EgEM=
gopkg.in/yaml.v3 v3.0.1 h1:fxVm/GzAzEWqLHuvctI91KS9hhNmmWOoWu0XTYJS7CA=
gopkg.in/yaml.v3 v3.0.1/go.mod h1:K4uyk7z7BCEPqu6E+C64Yfv1cQ7kz7rIZviUmN+EgEM=
